
Microsoft Visual Studio Solution File, Format Version 12.00
# Visual Studio Version 16
VisualStudioVersion = 16.0.32002.261
MinimumVisualStudioVersion = 10.0.40219.1
Project("{FAE04EC0-301F-11D3-BF4B-00C04F79EFBC}") = "Clinic System", "Clinic System\Clinic System.csproj", "{3A55A80D-721A-48A9-8971-218ADDE0FE11}"
EndProject
Global
	GlobalSection(SolutionConfigurationPlatforms) = preSolution
		Debug|Any CPU = Debug|Any CPU
		Release|Any CPU = Release|Any CPU
	EndGlobalSection
	GlobalSection(ProjectConfigurationPlatforms) = postSolution
		{3A55A80D-721A-48A9-8971-218ADDE0FE11}.Debug|Any CPU.ActiveCfg = Debug|Any CPU
		{3A55A80D-721A-48A9-8971-218ADDE0FE11}.Debug|Any CPU.Build.0 = Debug|Any CPU
		{3A55A80D-721A-48A9-8971-218ADDE0FE11}.Release|Any CPU.ActiveCfg = Release|Any CPU
		{3A55A80D-721A-48A9-8971-218ADDE0FE11}.Release|Any CPU.Build.0 = Release|Any CPU
	EndGlobalSection
	GlobalSection(SolutionProperties) = preSolution
		HideSolutionNode = FALSE
	EndGlobalSection
	GlobalSection(ExtensibilityGlobals) = postSolution
		SolutionGuid = {87A6621C-2D44-4E3F-BC28-E0B0A3D3B0BC}
	EndGlobalSection
EndGlobal
